
Microsoft Visual Studio Solution File, Format Version 11.00
# Visual Studio 2010
Project("{2150E333-8FDC-42A3-9474-1A3956D46DE8}") = "Solution Items", "Solution Items", "{A9A7C93F-BA82-418C-82D7-ABDB7CF0641F}"
	ProjectSection(SolutionItems) = preProject
		Local.testsettings = Local.testsettings
		ObjectTest.vsmdi = ObjectTest.vsmdi
		TraceAndTestImpact.testsettings = TraceAndTestImpact.testsettings
	EndProjectSection
EndProject
Project("{FAE04EC0-301F-11D3-BF4B-00C04F79EFBC}") = "SoapClientTest", "ConsoleApplication1\SoapClientTest.csproj", "{98EB5197-DE01-4769-962A-6D2120B40771}"
EndProject
Project("{FAE04EC0-301F-11D3-BF4B-00C04F79EFBC}") = "WSClientCsharp", "..\WSClientCsharp\WSClientCsharp.csproj", "{1D7E78A3-3FB5-4BB6-B23A-D2D083073DAA}"
EndProject
Project("{FAE04EC0-301F-11D3-BF4B-00C04F79EFBC}") = "Tests", "Tests\Tests.csproj", "{7F324C13-78D6-454F-9843-F1C550E9E1CC}"
EndProject
Global
	GlobalSection(SubversionScc) = preSolution
		Svn-Managed = True
		Manager = AnkhSVN - Subversion Support for Visual Studio
	EndGlobalSection
	GlobalSection(TestCaseManagementSettings) = postSolution
		CategoryFile = ObjectTest.vsmdi
	EndGlobalSection
	GlobalSection(SolutionConfigurationPlatforms) = preSolution
		Debug|Any CPU = Debug|Any CPU
		Debug|Mixed Platforms = Debug|Mixed Platforms
		Debug|x86 = Debug|x86
		Release|Any CPU = Release|Any CPU
		Release|Mixed Platforms = Release|Mixed Platforms
		Release|x86 = Release|x86
	EndGlobalSection
	GlobalSection(ProjectConfigurationPlatforms) = postSolution
		{98EB5197-DE01-4769-962A-6D2120B40771}.Debug|Any CPU.ActiveCfg = Debug|x86
		{98EB5197-DE01-4769-962A-6D2120B40771}.Debug|Mixed Platforms.ActiveCfg = Debug|x86
		{98EB5197-DE01-4769-962A-6D2120B40771}.Debug|Mixed Platforms.Build.0 = Debug|x86
		{98EB5197-DE01-4769-962A-6D2120B40771}.Debug|x86.ActiveCfg = Debug|x86
		{98EB5197-DE01-4769-962A-6D2120B40771}.Debug|x86.Build.0 = Debug|x86
		{98EB5197-DE01-4769-962A-6D2120B40771}.Release|Any CPU.ActiveCfg = Release|x86
		{98EB5197-DE01-4769-962A-6D2120B40771}.Release|Mixed Platforms.ActiveCfg = Release|x86
		{98EB5197-DE01-4769-962A-6D2120B40771}.Release|Mixed Platforms.Build.0 = Release|x86
		{98EB5197-DE01-4769-962A-6D2120B40771}.Release|x86.ActiveCfg = Release|x86
		{98EB5197-DE01-4769-962A-6D2120B40771}.Release|x86.Build.0 = Release|x86
		{1D7E78A3-3FB5-4BB6-B23A-D2D083073DAA}.Debug|Any CPU.ActiveCfg = Debug|x86
		{1D7E78A3-3FB5-4BB6-B23A-D2D083073DAA}.Debug|Mixed Platforms.ActiveCfg = Debug|x86
		{1D7E78A3-3FB5-4BB6-B23A-D2D083073DAA}.Debug|Mixed Platforms.Build.0 = Debug|x86
		{1D7E78A3-3FB5-4BB6-B23A-D2D083073DAA}.Debug|x86.ActiveCfg = Debug|x86
		{1D7E78A3-3FB5-4BB6-B23A-D2D083073DAA}.Debug|x86.Build.0 = Debug|x86
		{1D7E78A3-3FB5-4BB6-B23A-D2D083073DAA}.Release|Any CPU.ActiveCfg = Release|x86
		{1D7E78A3-3FB5-4BB6-B23A-D2D083073DAA}.Release|Mixed Platforms.ActiveCfg = Release|x86
		{1D7E78A3-3FB5-4BB6-B23A-D2D083073DAA}.Release|Mixed Platforms.Build.0 = Release|x86
		{1D7E78A3-3FB5-4BB6-B23A-D2D083073DAA}.Release|x86.ActiveCfg = Release|x86
		{1D7E78A3-3FB5-4BB6-B23A-D2D083073DAA}.Release|x86.Build.0 = Release|x86
		{7F324C13-78D6-454F-9843-F1C550E9E1CC}.Debug|Any CPU.ActiveCfg = Debug|x86
		{7F324C13-78D6-454F-9843-F1C550E9E1CC}.Debug|Mixed Platforms.ActiveCfg = Debug|x86
		{7F324C13-78D6-454F-9843-F1C550E9E1CC}.Debug|Mixed Platforms.Build.0 = Debug|x86
		{7F324C13-78D6-454F-9843-F1C550E9E1CC}.Debug|x86.ActiveCfg = Debug|x86
		{7F324C13-78D6-454F-9843-F1C550E9E1CC}.Debug|x86.Build.0 = Debug|x86
		{7F324C13-78D6-454F-9843-F1C550E9E1CC}.Release|Any CPU.ActiveCfg = Release|x86
		{7F324C13-78D6-454F-9843-F1C550E9E1CC}.Release|Mixed Platforms.ActiveCfg = Release|x86
		{7F324C13-78D6-454F-9843-F1C550E9E1CC}.Release|Mixed Platforms.Build.0 = Release|x86
		{7F324C13-78D6-454F-9843-F1C550E9E1CC}.Release|x86.ActiveCfg = Release|x86
		{7F324C13-78D6-454F-9843-F1C550E9E1CC}.Release|x86.Build.0 = Release|x86
	EndGlobalSection
	GlobalSection(SolutionProperties) = preSolution
		HideSolutionNode = FALSE
	EndGlobalSection
EndGlobal
